
Microsoft Visual Studio Solution File, Format Version 12.00
# Visual Studio Version 16
VisualStudioVersion = 16.0.30717.126
MinimumVisualStudioVersion = 10.0.40219.1
Project("{FAE04EC0-301F-11D3-BF4B-00C04F79EFBC}") = "yarisma1", "yarisma1\yarisma1.csproj", "{B13CFEA4-B280-4D99-B5E5-AB8B30EED606}"
EndProject
Global
	GlobalSection(SolutionConfigurationPlatforms) = preSolution
		Debug|Any CPU = Debug|Any CPU
		Release|Any CPU = Release|Any CPU
	EndGlobalSection
	GlobalSection(ProjectConfigurationPlatforms) = postSolution
		{B13CFEA4-B280-4D99-B5E5-AB8B30EED606}.Debug|Any CPU.ActiveCfg = Debug|Any CPU
		{B13CFEA4-B280-4D99-B5E5-AB8B30EED606}.Debug|Any CPU.Build.0 = Debug|Any CPU
		{B13CFEA4-B280-4D99-B5E5-AB8B30EED606}.Release|Any CPU.ActiveCfg = Release|Any CPU
		{B13CFEA4-B280-4D99-B5E5-AB8B30EED606}.Release|Any CPU.Build.0 = Release|Any CPU
	EndGlobalSection
	GlobalSection(SolutionProperties) = preSolution
		HideSolutionNode = FALSE
	EndGlobalSection
	GlobalSection(ExtensibilityGlobals) = postSolution
		SolutionGuid = {A48DB9BE-3C13-4D7B-86CD-84129A5CF9C3}
	EndGlobalSection
EndGlobal
